
Microsoft Visual Studio Solution File, Format Version 12.00
# Visual Studio 14
VisualStudioVersion = 14.0.24720.0
MinimumVisualStudioVersion = 10.0.40219.1
Project("{FAE04EC0-301F-11D3-BF4B-00C04F79EFBC}") = "WebTool.Google", "WebTool.Google\WebTool.Google.csproj", "{E83C56E8-FE2D-4A1C-BCC6-4FA46A42CFB5}"
EndProject
Project("{FAE04EC0-301F-11D3-BF4B-00C04F79EFBC}") = "WebTool.Common", "WebTool.Common\WebTool.Common.csproj", "{C514B536-CC67-4655-85AE-4709B9FD86AE}"
EndProject
Project("{E24C65DC-7377-472B-9ABA-BC803B73C61A}") = "WebTool.Web", "http://localhost:7706", "{AE55982A-8110-4B0B-A79B-C55DA80FC356}"
	ProjectSection(WebsiteProperties) = preProject
		UseIISExpress = "true"
		TargetFrameworkMoniker = ".NETFramework,Version%3Dv4.5"
		ProjectReferences = "{c514b536-cc67-4655-85ae-4709b9fd86ae}|WebTool.Common.dll;{e83c56e8-fe2d-4a1c-bcc6-4fa46a42cfb5}|WebTool.Google.dll;"
		Debug.AspNetCompiler.VirtualPath = "/localhost_7706"
		Debug.AspNetCompiler.PhysicalPath = "WebTool.Web\"
		Debug.AspNetCompiler.TargetPath = "PrecompiledWeb\localhost_7706\"
		Debug.AspNetCompiler.Updateable = "true"
		Debug.AspNetCompiler.ForceOverwrite = "true"
		Debug.AspNetCompiler.FixedNames = "false"
		Debug.AspNetCompiler.Debug = "True"
		Release.AspNetCompiler.VirtualPath = "/localhost_7706"
		Release.AspNetCompiler.PhysicalPath = "WebTool.Web\"
		Release.AspNetCompiler.TargetPath = "PrecompiledWeb\localhost_7706\"
		Release.AspNetCompiler.Updateable = "true"
		Release.AspNetCompiler.ForceOverwrite = "true"
		Release.AspNetCompiler.FixedNames = "false"
		Release.AspNetCompiler.Debug = "False"
		SlnRelativePath = "WebTool.Web\"
		DefaultWebSiteLanguage = "Visual C#"
	EndProjectSection
EndProject
Global
	GlobalSection(SolutionConfigurationPlatforms) = preSolution
		Debug|Any CPU = Debug|Any CPU
		Release|Any CPU = Release|Any CPU
	EndGlobalSection
	GlobalSection(ProjectConfigurationPlatforms) = postSolution
		{E83C56E8-FE2D-4A1C-BCC6-4FA46A42CFB5}.Debug|Any CPU.ActiveCfg = Debug|Any CPU
		{E83C56E8-FE2D-4A1C-BCC6-4FA46A42CFB5}.Debug|Any CPU.Build.0 = Debug|Any CPU
		{E83C56E8-FE2D-4A1C-BCC6-4FA46A42CFB5}.Release|Any CPU.ActiveCfg = Release|Any CPU
		{E83C56E8-FE2D-4A1C-BCC6-4FA46A42CFB5}.Release|Any CPU.Build.0 = Release|Any CPU
		{C514B536-CC67-4655-85AE-4709B9FD86AE}.Debug|Any CPU.ActiveCfg = Debug|Any CPU
		{C514B536-CC67-4655-85AE-4709B9FD86AE}.Debug|Any CPU.Build.0 = Debug|Any CPU
		{C514B536-CC67-4655-85AE-4709B9FD86AE}.Release|Any CPU.ActiveCfg = Release|Any CPU
		{C514B536-CC67-4655-85AE-4709B9FD86AE}.Release|Any CPU.Build.0 = Release|Any CPU
		{AE55982A-8110-4B0B-A79B-C55DA80FC356}.Debug|Any CPU.ActiveCfg = Debug|Any CPU
		{AE55982A-8110-4B0B-A79B-C55DA80FC356}.Debug|Any CPU.Build.0 = Debug|Any CPU
		{AE55982A-8110-4B0B-A79B-C55DA80FC356}.Release|Any CPU.ActiveCfg = Debug|Any CPU
		{AE55982A-8110-4B0B-A79B-C55DA80FC356}.Release|Any CPU.Build.0 = Debug|Any CPU
	EndGlobalSection
	GlobalSection(SolutionProperties) = preSolution
		HideSolutionNode = FALSE
	EndGlobalSection
EndGlobal
